<Solution>
  <Folder Name="/src/">
    <Project Path="src/MyStartUpCompany.Api/MyStartUpCompany.Api.csproj" Id="527ebe9e-9332-4eb9-b577-ce65a84855e7" />
    <Project Path="src/MyStartUpCompany.Persistence/MyStartUpCompany.Persistence.csproj" />
    <Project Path="src/MyStartUpCompany.Worker/MyStartUpCompany.Worker.csproj" Id="e32139e4-491d-436e-a571-a8ddd53ac81f" />
  </Folder>
  <Folder Name="/tests/" />
</Solution>
